{
    "hash": "99be7fa0fd6bceb87fb4a51701d8244a",
    "packages": [
        {
            "package": "doctrine/common",
            "version": "dev-master",
            "alias-pretty-version": "2.4.x-dev",
            "alias-version": "2.4.9999999.9999999-dev"
        },
        {
            "package": "doctrine/common",
            "version": "dev-master",
            "source-reference": "329d90ab8d6ed4c0b422d631caa5594c77c12055",
            "commit-date": "1345128430"
        },
        {
            "package": "doctrine/mongodb",
            "version": "1.0.0-BETA1"
        },
        {
            "package": "doctrine/mongodb-odm",
            "version": "dev-sf2.0",
            "source-reference": "942bfd6f54dc83e4d692bd5651ff9ed395191609",
            "commit-date": "1344881945"
        },
        {
            "package": "guzzle/guzzle",
            "version": "dev-master",
            "source-reference": "e850c7ddba1d08157b9628f6dfed7626ef4407df",
            "commit-date": "1347038647"
        },
        {
            "package": "symfony/console",
            "version": "dev-master",
            "alias-pretty-version": "2.2.x-dev",
            "alias-version": "2.2.9999999.9999999-dev"
        },
        {
            "package": "symfony/console",
            "version": "dev-master",
            "source-reference": "c8dc6870f1375b43dc8fe0df30bb47abc350076b",
            "commit-date": "1346957130"
        },
        {
            "package": "symfony/event-dispatcher",
            "version": "v2.1.0"
        },
        {
            "package": "symfony/yaml",
            "version": "dev-master",
            "alias-pretty-version": "2.2.x-dev",
            "alias-version": "2.2.9999999.9999999-dev"
        },
        {
            "package": "symfony/yaml",
            "version": "dev-master",
            "source-reference": "826fe43a6e3b330d79e711d2fc02540af8d10f61",
            "commit-date": "1346957130"
        }
    ],
    "packages-dev": null,
    "aliases": [

    ],
    "minimum-stability": "dev",
    "stability-flags": {
        "doctrine/mongodb-odm": 20
    }
}
